
Microsoft Visual Studio Solution File, Format Version 12.00
# Visual Studio Version 16
VisualStudioVersion = 25.0.1704.5
MinimumVisualStudioVersion = 10.0.40219.1
Project("{FAE04EC0-301F-11D3-BF4B-00C04F79EFBC}") = "sku", "sku.csproj", "{195B2B9F-C323-44DE-AC02-18B387537FD1}"
EndProject
Global
	GlobalSection(SolutionConfigurationPlatforms) = preSolution
		Debug|Any CPU = Debug|Any CPU
		Release|Any CPU = Release|Any CPU
	EndGlobalSection
	GlobalSection(ProjectConfigurationPlatforms) = postSolution
		{195B2B9F-C323-44DE-AC02-18B387537FD1}.Debug|Any CPU.ActiveCfg = Debug|Any CPU
		{195B2B9F-C323-44DE-AC02-18B387537FD1}.Debug|Any CPU.Build.0 = Debug|Any CPU
		{195B2B9F-C323-44DE-AC02-18B387537FD1}.Release|Any CPU.ActiveCfg = Release|Any CPU
		{195B2B9F-C323-44DE-AC02-18B387537FD1}.Release|Any CPU.Build.0 = Release|Any CPU
	EndGlobalSection
	GlobalSection(SolutionProperties) = preSolution
		HideSolutionNode = FALSE
	EndGlobalSection
	GlobalSection(ExtensibilityGlobals) = postSolution
		SolutionGuid = {EDAFCA0D-E72D-4CAE-B123-B1E85AC5C560}
	EndGlobalSection
EndGlobal
